
Microsoft Visual Studio Solution File, Format Version 12.00
# Visual Studio 15
VisualStudioVersion = 15.0.27428.2037
MinimumVisualStudioVersion = 10.0.40219.1
Project("{9A19103F-16F7-4668-BE54-9A1E7A4F7556}") = "MassTransit.Extensions.Hosting", "MassTransit.Extensions.Hosting\MassTransit.Extensions.Hosting.csproj", "{10FAFA75-EDD4-48B6-8D83-00550576F3C5}"
EndProject
Project("{9A19103F-16F7-4668-BE54-9A1E7A4F7556}") = "MassTransit.Extensions.Hosting.RabbitMq", "MassTransit.Extensions.Hosting.RabbitMq\MassTransit.Extensions.Hosting.RabbitMq.csproj", "{D194AAF6-7660-4851-9C34-0FCD33911855}"
EndProject
Project("{2150E333-8FDC-42A3-9474-1A3956D46DE8}") = "Solution Items", "Solution Items", "{A2C743F9-A8A4-4305-907E-03ED37659D2E}"
	ProjectSection(SolutionItems) = preProject
		.editorconfig = .editorconfig
		.gitattributes = .gitattributes
		.gitignore = .gitignore
		appveyor.yml = appveyor.yml
		COPYRIGHT.txt = COPYRIGHT.txt
		Directory.Build.props = Directory.Build.props
		LICENSE.txt = LICENSE.txt
		README.md = README.md
	EndProjectSection
EndProject
Project("{9A19103F-16F7-4668-BE54-9A1E7A4F7556}") = "Example.ConsoleHost", "Example.ConsoleHost\Example.ConsoleHost.csproj", "{AF75C53C-228A-4B85-9DDC-E9BB2E64404E}"
EndProject
Project("{9A19103F-16F7-4668-BE54-9A1E7A4F7556}") = "Example.TopshelfHost", "Example.TopshelfHost\Example.TopshelfHost.csproj", "{2F2CF5F6-51C7-4D70-A059-FCBD0BD4DCB1}"
EndProject
Project("{9A19103F-16F7-4668-BE54-9A1E7A4F7556}") = "MassTransit.Extensions.Hosting.Tests", "MassTransit.Extensions.Hosting.Tests\MassTransit.Extensions.Hosting.Tests.csproj", "{0AED767E-D526-4273-A7CA-1032097D758B}"
EndProject
Project("{9A19103F-16F7-4668-BE54-9A1E7A4F7556}") = "MassTransit.Extensions.Hosting.RabbitMq.Tests", "MassTransit.Extensions.Hosting.RabbitMq.Tests\MassTransit.Extensions.Hosting.RabbitMq.Tests.csproj", "{812A83B2-9017-4CF8-AD86-61EAA61E89CE}"
EndProject
Project("{2150E333-8FDC-42A3-9474-1A3956D46DE8}") = "Transports", "Transports", "{B86C5291-F3F8-407C-AB3F-606E5FEA5798}"
EndProject
Project("{2150E333-8FDC-42A3-9474-1A3956D46DE8}") = "Examples", "Examples", "{9E521905-C573-4CA2-A1C4-3871B5AB87B0}"
EndProject
Project("{2150E333-8FDC-42A3-9474-1A3956D46DE8}") = "MassTransit", "MassTransit", "{5E3C097C-AF1A-4313-B1B4-2D6EF1187532}"
EndProject
Project("{9A19103F-16F7-4668-BE54-9A1E7A4F7556}") = "MassTransit.Extensions.Hosting.ActiveMq", "MassTransit.Extensions.Hosting.ActiveMq\MassTransit.Extensions.Hosting.ActiveMq.csproj", "{981E5182-F178-4E2E-BFAE-645ACBD54B11}"
EndProject
Project("{9A19103F-16F7-4668-BE54-9A1E7A4F7556}") = "MassTransit.Extensions.Hosting.ActiveMq.Tests", "MassTransit.Extensions.Hosting.ActiveMq.Tests\MassTransit.Extensions.Hosting.ActiveMq.Tests.csproj", "{6562603D-E02B-42A2-8468-729CD33CF8DD}"
EndProject
Project("{9A19103F-16F7-4668-BE54-9A1E7A4F7556}") = "MassTransit.Extensions.Hosting.AmazonSqs", "MassTransit.Extensions.Hosting.AmazonSqs\MassTransit.Extensions.Hosting.AmazonSqs.csproj", "{28A76A62-73DB-42E2-A4BF-B0EA17A4207B}"
EndProject
Project("{9A19103F-16F7-4668-BE54-9A1E7A4F7556}") = "MassTransit.Extensions.Hosting.AmazonSqs.Tests", "MassTransit.Extensions.Hosting.AmazonSqs.Tests\MassTransit.Extensions.Hosting.AmazonSqs.Tests.csproj", "{6A393189-041F-4255-BE04-60E9170BE587}"
EndProject
Global
	GlobalSection(SolutionConfigurationPlatforms) = preSolution
		Debug|Any CPU = Debug|Any CPU
		Release|Any CPU = Release|Any CPU
	EndGlobalSection
	GlobalSection(ProjectConfigurationPlatforms) = postSolution
		{10FAFA75-EDD4-48B6-8D83-00550576F3C5}.Debug|Any CPU.ActiveCfg = Debug|Any CPU
		{10FAFA75-EDD4-48B6-8D83-00550576F3C5}.Debug|Any CPU.Build.0 = Debug|Any CPU
		{10FAFA75-EDD4-48B6-8D83-00550576F3C5}.Release|Any CPU.ActiveCfg = Release|Any CPU
		{10FAFA75-EDD4-48B6-8D83-00550576F3C5}.Release|Any CPU.Build.0 = Release|Any CPU
		{D194AAF6-7660-4851-9C34-0FCD33911855}.Debug|Any CPU.ActiveCfg = Debug|Any CPU
		{D194AAF6-7660-4851-9C34-0FCD33911855}.Debug|Any CPU.Build.0 = Debug|Any CPU
		{D194AAF6-7660-4851-9C34-0FCD33911855}.Release|Any CPU.ActiveCfg = Release|Any CPU
		{D194AAF6-7660-4851-9C34-0FCD33911855}.Release|Any CPU.Build.0 = Release|Any CPU
		{AF75C53C-228A-4B85-9DDC-E9BB2E64404E}.Debug|Any CPU.ActiveCfg = Debug|Any CPU
		{AF75C53C-228A-4B85-9DDC-E9BB2E64404E}.Debug|Any CPU.Build.0 = Debug|Any CPU
		{AF75C53C-228A-4B85-9DDC-E9BB2E64404E}.Release|Any CPU.ActiveCfg = Release|Any CPU
		{AF75C53C-228A-4B85-9DDC-E9BB2E64404E}.Release|Any CPU.Build.0 = Release|Any CPU
		{2F2CF5F6-51C7-4D70-A059-FCBD0BD4DCB1}.Debug|Any CPU.ActiveCfg = Debug|Any CPU
		{2F2CF5F6-51C7-4D70-A059-FCBD0BD4DCB1}.Debug|Any CPU.Build.0 = Debug|Any CPU
		{2F2CF5F6-51C7-4D70-A059-FCBD0BD4DCB1}.Release|Any CPU.ActiveCfg = Release|Any CPU
		{2F2CF5F6-51C7-4D70-A059-FCBD0BD4DCB1}.Release|Any CPU.Build.0 = Release|Any CPU
		{0AED767E-D526-4273-A7CA-1032097D758B}.Debug|Any CPU.ActiveCfg = Debug|Any CPU
		{0AED767E-D526-4273-A7CA-1032097D758B}.Debug|Any CPU.Build.0 = Debug|Any CPU
		{0AED767E-D526-4273-A7CA-1032097D758B}.Release|Any CPU.ActiveCfg = Release|Any CPU
		{0AED767E-D526-4273-A7CA-1032097D758B}.Release|Any CPU.Build.0 = Release|Any CPU
		{812A83B2-9017-4CF8-AD86-61EAA61E89CE}.Debug|Any CPU.ActiveCfg = Debug|Any CPU
		{812A83B2-9017-4CF8-AD86-61EAA61E89CE}.Debug|Any CPU.Build.0 = Debug|Any CPU
		{812A83B2-9017-4CF8-AD86-61EAA61E89CE}.Release|Any CPU.ActiveCfg = Release|Any CPU
		{812A83B2-9017-4CF8-AD86-61EAA61E89CE}.Release|Any CPU.Build.0 = Release|Any CPU
		{981E5182-F178-4E2E-BFAE-645ACBD54B11}.Debug|Any CPU.ActiveCfg = Debug|Any CPU
		{981E5182-F178-4E2E-BFAE-645ACBD54B11}.Debug|Any CPU.Build.0 = Debug|Any CPU
		{981E5182-F178-4E2E-BFAE-645ACBD54B11}.Release|Any CPU.ActiveCfg = Release|Any CPU
		{981E5182-F178-4E2E-BFAE-645ACBD54B11}.Release|Any CPU.Build.0 = Release|Any CPU
		{6562603D-E02B-42A2-8468-729CD33CF8DD}.Debug|Any CPU.ActiveCfg = Debug|Any CPU
		{6562603D-E02B-42A2-8468-729CD33CF8DD}.Debug|Any CPU.Build.0 = Debug|Any CPU
		{6562603D-E02B-42A2-8468-729CD33CF8DD}.Release|Any CPU.ActiveCfg = Release|Any CPU
		{6562603D-E02B-42A2-8468-729CD33CF8DD}.Release|Any CPU.Build.0 = Release|Any CPU
		{28A76A62-73DB-42E2-A4BF-B0EA17A4207B}.Debug|Any CPU.ActiveCfg = Debug|Any CPU
		{28A76A62-73DB-42E2-A4BF-B0EA17A4207B}.Debug|Any CPU.Build.0 = Debug|Any CPU
		{28A76A62-73DB-42E2-A4BF-B0EA17A4207B}.Release|Any CPU.ActiveCfg = Release|Any CPU
		{28A76A62-73DB-42E2-A4BF-B0EA17A4207B}.Release|Any CPU.Build.0 = Release|Any CPU
		{6A393189-041F-4255-BE04-60E9170BE587}.Debug|Any CPU.ActiveCfg = Debug|Any CPU
		{6A393189-041F-4255-BE04-60E9170BE587}.Debug|Any CPU.Build.0 = Debug|Any CPU
		{6A393189-041F-4255-BE04-60E9170BE587}.Release|Any CPU.ActiveCfg = Release|Any CPU
		{6A393189-041F-4255-BE04-60E9170BE587}.Release|Any CPU.Build.0 = Release|Any CPU
	EndGlobalSection
	GlobalSection(SolutionProperties) = preSolution
		HideSolutionNode = FALSE
	EndGlobalSection
	GlobalSection(NestedProjects) = preSolution
		{10FAFA75-EDD4-48B6-8D83-00550576F3C5} = {5E3C097C-AF1A-4313-B1B4-2D6EF1187532}
		{D194AAF6-7660-4851-9C34-0FCD33911855} = {B86C5291-F3F8-407C-AB3F-606E5FEA5798}
		{AF75C53C-228A-4B85-9DDC-E9BB2E64404E} = {9E521905-C573-4CA2-A1C4-3871B5AB87B0}
		{2F2CF5F6-51C7-4D70-A059-FCBD0BD4DCB1} = {9E521905-C573-4CA2-A1C4-3871B5AB87B0}
		{0AED767E-D526-4273-A7CA-1032097D758B} = {5E3C097C-AF1A-4313-B1B4-2D6EF1187532}
		{812A83B2-9017-4CF8-AD86-61EAA61E89CE} = {B86C5291-F3F8-407C-AB3F-606E5FEA5798}
		{981E5182-F178-4E2E-BFAE-645ACBD54B11} = {B86C5291-F3F8-407C-AB3F-606E5FEA5798}
		{6562603D-E02B-42A2-8468-729CD33CF8DD} = {B86C5291-F3F8-407C-AB3F-606E5FEA5798}
		{28A76A62-73DB-42E2-A4BF-B0EA17A4207B} = {B86C5291-F3F8-407C-AB3F-606E5FEA5798}
		{6A393189-041F-4255-BE04-60E9170BE587} = {B86C5291-F3F8-407C-AB3F-606E5FEA5798}
	EndGlobalSection
	GlobalSection(ExtensibilityGlobals) = postSolution
		SolutionGuid = {FF969A4E-80CE-4FEB-A57B-F1FC8639AAB9}
	EndGlobalSection
EndGlobal
